
Microsoft Visual Studio Solution File, Format Version 12.00
# Visual Studio Express 2012 for Windows Desktop
Project("{FAE04EC0-301F-11D3-BF4B-00C04F79EFBC}") = "Library", "Library\Library.csproj", "{75CBACB4-34BA-4994-BF36-90A86B8F9372}"
EndProject
Project("{FAE04EC0-301F-11D3-BF4B-00C04F79EFBC}") = "Client", "ClientTest\Client.csproj", "{577F71FE-F14F-4480-9CD4-E5236F7957B4}"
EndProject
Global
	GlobalSection(TeamFoundationVersionControl) = preSolution
		SccNumberOfProjects = 3
		SccEnterpriseProvider = {4CA58AB2-18FA-4F8D-95D4-32DDF27D184C}
		SccTeamFoundationServer = https://tfs.codeplex.com/tfs/tfs02
		SccLocalPath0 = .
		SccProjectUniqueName1 = ClientTest\\Client.csproj
		SccProjectName1 = ClientTest
		SccLocalPath1 = ClientTest
		SccProjectUniqueName2 = Library\\Library.csproj
		SccProjectName2 = Library
		SccLocalPath2 = Library
	EndGlobalSection
	GlobalSection(SolutionConfigurationPlatforms) = preSolution
		Debug|Any CPU = Debug|Any CPU
		Release|Any CPU = Release|Any CPU
	EndGlobalSection
	GlobalSection(ProjectConfigurationPlatforms) = postSolution
		{75CBACB4-34BA-4994-BF36-90A86B8F9372}.Debug|Any CPU.ActiveCfg = Debug|Any CPU
		{75CBACB4-34BA-4994-BF36-90A86B8F9372}.Debug|Any CPU.Build.0 = Debug|Any CPU
		{75CBACB4-34BA-4994-BF36-90A86B8F9372}.Release|Any CPU.ActiveCfg = Release|Any CPU
		{75CBACB4-34BA-4994-BF36-90A86B8F9372}.Release|Any CPU.Build.0 = Release|Any CPU
		{577F71FE-F14F-4480-9CD4-E5236F7957B4}.Debug|Any CPU.ActiveCfg = Debug|Any CPU
		{577F71FE-F14F-4480-9CD4-E5236F7957B4}.Debug|Any CPU.Build.0 = Debug|Any CPU
		{577F71FE-F14F-4480-9CD4-E5236F7957B4}.Release|Any CPU.ActiveCfg = Release|Any CPU
		{577F71FE-F14F-4480-9CD4-E5236F7957B4}.Release|Any CPU.Build.0 = Release|Any CPU
	EndGlobalSection
	GlobalSection(SolutionProperties) = preSolution
		HideSolutionNode = FALSE
	EndGlobalSection
EndGlobal
