
Microsoft Visual Studio Solution File, Format Version 12.00
# Visual Studio Version 17
VisualStudioVersion = 17.2.32630.192
MinimumVisualStudioVersion = 10.0.40219.1
Project("{9A19103F-16F7-4668-BE54-9A1E7A4F7556}") = "Library", "Library\Library.csproj", "{75CBACB4-34BA-4994-BF36-90A86B8F9372}"
EndProject
Project("{9A19103F-16F7-4668-BE54-9A1E7A4F7556}") = "CmdClient", "Client\CmdClient.csproj", "{577F71FE-F14F-4480-9CD4-E5236F7957B4}"
EndProject
Global
	GlobalSection(SolutionConfigurationPlatforms) = preSolution
		Debug|Any CPU = Debug|Any CPU
		Release|Any CPU = Release|Any CPU
	EndGlobalSection
	GlobalSection(ProjectConfigurationPlatforms) = postSolution
		{75CBACB4-34BA-4994-BF36-90A86B8F9372}.Debug|Any CPU.ActiveCfg = Debug|Any CPU
		{75CBACB4-34BA-4994-BF36-90A86B8F9372}.Debug|Any CPU.Build.0 = Debug|Any CPU
		{75CBACB4-34BA-4994-BF36-90A86B8F9372}.Release|Any CPU.ActiveCfg = Release|Any CPU
		{75CBACB4-34BA-4994-BF36-90A86B8F9372}.Release|Any CPU.Build.0 = Release|Any CPU
		{577F71FE-F14F-4480-9CD4-E5236F7957B4}.Debug|Any CPU.ActiveCfg = Debug|Any CPU
		{577F71FE-F14F-4480-9CD4-E5236F7957B4}.Debug|Any CPU.Build.0 = Debug|Any CPU
		{577F71FE-F14F-4480-9CD4-E5236F7957B4}.Release|Any CPU.ActiveCfg = Release|Any CPU
		{577F71FE-F14F-4480-9CD4-E5236F7957B4}.Release|Any CPU.Build.0 = Release|Any CPU
	EndGlobalSection
	GlobalSection(SolutionProperties) = preSolution
		HideSolutionNode = FALSE
	EndGlobalSection
	GlobalSection(ExtensibilityGlobals) = postSolution
		SolutionGuid = {A956B969-CA2A-4D4A-886D-4C54BA303A7C}
	EndGlobalSection
EndGlobal
